
Microsoft Visual Studio Solution File, Format Version 12.00
# Visual Studio 15
VisualStudioVersion = 15.0.28010.2036
MinimumVisualStudioVersion = 10.0.40219.1
Project("{FAE04EC0-301F-11D3-BF4B-00C04F79EFBC}") = "HL_V1", "HL_V1\HL_V1.csproj", "{006B9AE5-CE4E-4258-A685-C4401FB491E7}"
EndProject
Global
	GlobalSection(SolutionConfigurationPlatforms) = preSolution
		Debug|Any CPU = Debug|Any CPU
		Release|Any CPU = Release|Any CPU
	EndGlobalSection
	GlobalSection(ProjectConfigurationPlatforms) = postSolution
		{006B9AE5-CE4E-4258-A685-C4401FB491E7}.Debug|Any CPU.ActiveCfg = Debug|Any CPU
		{006B9AE5-CE4E-4258-A685-C4401FB491E7}.Debug|Any CPU.Build.0 = Debug|Any CPU
		{006B9AE5-CE4E-4258-A685-C4401FB491E7}.Release|Any CPU.ActiveCfg = Release|Any CPU
		{006B9AE5-CE4E-4258-A685-C4401FB491E7}.Release|Any CPU.Build.0 = Release|Any CPU
	EndGlobalSection
	GlobalSection(SolutionProperties) = preSolution
		HideSolutionNode = FALSE
	EndGlobalSection
	GlobalSection(ExtensibilityGlobals) = postSolution
		SolutionGuid = {E556094A-7E83-4B0B-91CC-7013EE798A65}
	EndGlobalSection
EndGlobal
